
Microsoft Visual Studio Solution File, Format Version 12.00
# Visual Studio 2012
Project("{2150E333-8FDC-42A3-9474-1A3956D46DE8}") = "src", "src", "{3514CA87-54AB-4893-9B48-ACBBCFA55E46}"
EndProject
Project("{2150E333-8FDC-42A3-9474-1A3956D46DE8}") = "tests", "tests", "{C21B64CE-71C3-4793-BD6F-81063D4BE379}"
EndProject
Project("{FAE04EC0-301F-11D3-BF4B-00C04F79EFBC}") = "Fizzly.Droid", "src\Droid\Fizzly.Droid.csproj", "{61951ADC-6171-4B9D-A541-A82DA5614CDA}"
EndProject
Project("{FAE04EC0-301F-11D3-BF4B-00C04F79EFBC}") = "Fizzly.iOS", "src\iOS\Fizzly.iOS.csproj", "{F8A86BEE-48AD-42E1-9242-22B63A9BBF32}"
EndProject
Project("{FAE04EC0-301F-11D3-BF4B-00C04F79EFBC}") = "Fizzly.UITests", "tests\UITests\Fizzly.UITests.csproj", "{8C6CCAE5-372A-413B-B8B8-D399D042E30F}"
EndProject
Project("{FAE04EC0-301F-11D3-BF4B-00C04F79EFBC}") = "FakeWebService", "tests\FakeWebService\FakeWebService.csproj", "{0BE170B3-9812-4DE4-8AAF-A74B16945AE1}"
EndProject
Project("{FAE04EC0-301F-11D3-BF4B-00C04F79EFBC}") = "Fizzly", "src\Fizzly\Fizzly.csproj", "{55EB586C-6055-44CA-B5D7-A76F8B3B5BB5}"
EndProject
Project("{FAE04EC0-301F-11D3-BF4B-00C04F79EFBC}") = "Fizzly.Tests", "tests\Fizzly.Tests\Fizzly.Tests.csproj", "{889CA251-8484-4EBD-A89A-0C18C6EAF957}"
EndProject
Global
	GlobalSection(SolutionConfigurationPlatforms) = preSolution
		Debug|iPhoneSimulator = Debug|iPhoneSimulator
		Release|iPhone = Release|iPhone
		Release|iPhoneSimulator = Release|iPhoneSimulator
		Debug|iPhone = Debug|iPhone
	EndGlobalSection
	GlobalSection(ProjectConfigurationPlatforms) = postSolution
		{61951ADC-6171-4B9D-A541-A82DA5614CDA}.Debug|iPhoneSimulator.ActiveCfg = Debug|Any CPU
		{61951ADC-6171-4B9D-A541-A82DA5614CDA}.Debug|iPhoneSimulator.Build.0 = Debug|Any CPU
		{61951ADC-6171-4B9D-A541-A82DA5614CDA}.Release|iPhone.ActiveCfg = Release|Any CPU
		{61951ADC-6171-4B9D-A541-A82DA5614CDA}.Release|iPhone.Build.0 = Release|Any CPU
		{61951ADC-6171-4B9D-A541-A82DA5614CDA}.Release|iPhoneSimulator.ActiveCfg = Release|Any CPU
		{61951ADC-6171-4B9D-A541-A82DA5614CDA}.Release|iPhoneSimulator.Build.0 = Release|Any CPU
		{61951ADC-6171-4B9D-A541-A82DA5614CDA}.Debug|iPhone.ActiveCfg = Debug|Any CPU
		{61951ADC-6171-4B9D-A541-A82DA5614CDA}.Debug|iPhone.Build.0 = Debug|Any CPU
		{F8A86BEE-48AD-42E1-9242-22B63A9BBF32}.Debug|iPhoneSimulator.ActiveCfg = Debug|iPhoneSimulator
		{F8A86BEE-48AD-42E1-9242-22B63A9BBF32}.Debug|iPhoneSimulator.Build.0 = Debug|iPhoneSimulator
		{F8A86BEE-48AD-42E1-9242-22B63A9BBF32}.Release|iPhone.ActiveCfg = Release|iPhone
		{F8A86BEE-48AD-42E1-9242-22B63A9BBF32}.Release|iPhone.Build.0 = Release|iPhone
		{F8A86BEE-48AD-42E1-9242-22B63A9BBF32}.Release|iPhoneSimulator.ActiveCfg = Release|iPhoneSimulator
		{F8A86BEE-48AD-42E1-9242-22B63A9BBF32}.Release|iPhoneSimulator.Build.0 = Release|iPhoneSimulator
		{F8A86BEE-48AD-42E1-9242-22B63A9BBF32}.Debug|iPhone.ActiveCfg = Debug|iPhone
		{F8A86BEE-48AD-42E1-9242-22B63A9BBF32}.Debug|iPhone.Build.0 = Debug|iPhone
		{8C6CCAE5-372A-413B-B8B8-D399D042E30F}.Debug|iPhoneSimulator.ActiveCfg = Debug|Any CPU
		{8C6CCAE5-372A-413B-B8B8-D399D042E30F}.Debug|iPhoneSimulator.Build.0 = Debug|Any CPU
		{8C6CCAE5-372A-413B-B8B8-D399D042E30F}.Release|iPhone.ActiveCfg = Release|Any CPU
		{8C6CCAE5-372A-413B-B8B8-D399D042E30F}.Release|iPhone.Build.0 = Release|Any CPU
		{8C6CCAE5-372A-413B-B8B8-D399D042E30F}.Release|iPhoneSimulator.ActiveCfg = Release|Any CPU
		{8C6CCAE5-372A-413B-B8B8-D399D042E30F}.Release|iPhoneSimulator.Build.0 = Release|Any CPU
		{8C6CCAE5-372A-413B-B8B8-D399D042E30F}.Debug|iPhone.ActiveCfg = Debug|Any CPU
		{8C6CCAE5-372A-413B-B8B8-D399D042E30F}.Debug|iPhone.Build.0 = Debug|Any CPU
		{0BE170B3-9812-4DE4-8AAF-A74B16945AE1}.Debug|iPhoneSimulator.ActiveCfg = Debug|Any CPU
		{0BE170B3-9812-4DE4-8AAF-A74B16945AE1}.Debug|iPhoneSimulator.Build.0 = Debug|Any CPU
		{0BE170B3-9812-4DE4-8AAF-A74B16945AE1}.Release|iPhone.ActiveCfg = Release|Any CPU
		{0BE170B3-9812-4DE4-8AAF-A74B16945AE1}.Release|iPhone.Build.0 = Release|Any CPU
		{0BE170B3-9812-4DE4-8AAF-A74B16945AE1}.Release|iPhoneSimulator.ActiveCfg = Release|Any CPU
		{0BE170B3-9812-4DE4-8AAF-A74B16945AE1}.Release|iPhoneSimulator.Build.0 = Release|Any CPU
		{0BE170B3-9812-4DE4-8AAF-A74B16945AE1}.Debug|iPhone.ActiveCfg = Debug|Any CPU
		{0BE170B3-9812-4DE4-8AAF-A74B16945AE1}.Debug|iPhone.Build.0 = Debug|Any CPU
		{55EB586C-6055-44CA-B5D7-A76F8B3B5BB5}.Debug|iPhoneSimulator.ActiveCfg = Debug|Any CPU
		{55EB586C-6055-44CA-B5D7-A76F8B3B5BB5}.Debug|iPhoneSimulator.Build.0 = Debug|Any CPU
		{55EB586C-6055-44CA-B5D7-A76F8B3B5BB5}.Release|iPhone.ActiveCfg = Release|Any CPU
		{55EB586C-6055-44CA-B5D7-A76F8B3B5BB5}.Release|iPhone.Build.0 = Release|Any CPU
		{55EB586C-6055-44CA-B5D7-A76F8B3B5BB5}.Release|iPhoneSimulator.ActiveCfg = Release|Any CPU
		{55EB586C-6055-44CA-B5D7-A76F8B3B5BB5}.Release|iPhoneSimulator.Build.0 = Release|Any CPU
		{55EB586C-6055-44CA-B5D7-A76F8B3B5BB5}.Debug|iPhone.ActiveCfg = Debug|Any CPU
		{55EB586C-6055-44CA-B5D7-A76F8B3B5BB5}.Debug|iPhone.Build.0 = Debug|Any CPU
		{889CA251-8484-4EBD-A89A-0C18C6EAF957}.Debug|iPhoneSimulator.ActiveCfg = Debug|Any CPU
		{889CA251-8484-4EBD-A89A-0C18C6EAF957}.Debug|iPhoneSimulator.Build.0 = Debug|Any CPU
		{889CA251-8484-4EBD-A89A-0C18C6EAF957}.Release|iPhone.ActiveCfg = Release|Any CPU
		{889CA251-8484-4EBD-A89A-0C18C6EAF957}.Release|iPhone.Build.0 = Release|Any CPU
		{889CA251-8484-4EBD-A89A-0C18C6EAF957}.Release|iPhoneSimulator.ActiveCfg = Release|Any CPU
		{889CA251-8484-4EBD-A89A-0C18C6EAF957}.Release|iPhoneSimulator.Build.0 = Release|Any CPU
		{889CA251-8484-4EBD-A89A-0C18C6EAF957}.Debug|iPhone.ActiveCfg = Debug|Any CPU
		{889CA251-8484-4EBD-A89A-0C18C6EAF957}.Debug|iPhone.Build.0 = Debug|Any CPU
	EndGlobalSection
	GlobalSection(NestedProjects) = preSolution
		{61951ADC-6171-4B9D-A541-A82DA5614CDA} = {3514CA87-54AB-4893-9B48-ACBBCFA55E46}
		{F8A86BEE-48AD-42E1-9242-22B63A9BBF32} = {3514CA87-54AB-4893-9B48-ACBBCFA55E46}
		{8C6CCAE5-372A-413B-B8B8-D399D042E30F} = {C21B64CE-71C3-4793-BD6F-81063D4BE379}
		{0BE170B3-9812-4DE4-8AAF-A74B16945AE1} = {C21B64CE-71C3-4793-BD6F-81063D4BE379}
		{55EB586C-6055-44CA-B5D7-A76F8B3B5BB5} = {3514CA87-54AB-4893-9B48-ACBBCFA55E46}
		{889CA251-8484-4EBD-A89A-0C18C6EAF957} = {C21B64CE-71C3-4793-BD6F-81063D4BE379}
	EndGlobalSection
EndGlobal
